// !$*UTF8*$!
{
	archiveVersion = 1;
	classes = {
	};
	objectVersion = 51;
	objects = {

/* Begin PBXBuildFile section */
		D8CDEA0054A41E1B5780F339 /* Pods_PurchasingDepartment.framework in Frameworks */ = {isa = PBXBuildFile; fileRef = FEC60FB45A2EE9552F02589A /* Pods_PurchasingDepartment.framework */; };
		F8B2BBA9263EE8AC002F741A /* Presentable.swift in Sources */ = {isa = PBXBuildFile; fileRef = F8B2BBA8263EE8AC002F741A /* Presentable.swift */; };
		F8B2BBAC263EEBE5002F741A /* AppCoordinator.swift in Sources */ = {isa = PBXBuildFile; fileRef = F8B2BBAB263EEBE5002F741A /* AppCoordinator.swift */; };
		F8B2BBB8263EF06D002F741A /* MainTabsViewController.swift in Sources */ = {isa = PBXBuildFile; fileRef = F8B2BBB7263EF06D002F741A /* MainTabsViewController.swift */; };
		F8B2BBBD263EF1AA002F741A /* UITabBarItem + Extensions.swift in Sources */ = {isa = PBXBuildFile; fileRef = F8B2BBBC263EF1AA002F741A /* UITabBarItem + Extensions.swift */; };
		F8B2BBC0263EF258002F741A /* JobsRequestCoordinator.swift in Sources */ = {isa = PBXBuildFile; fileRef = F8B2BBBF263EF258002F741A /* JobsRequestCoordinator.swift */; };
		F8B2BBC3263EF2AD002F741A /* BaseNavigationVC.swift in Sources */ = {isa = PBXBuildFile; fileRef = F8B2BBC2263EF2AD002F741A /* BaseNavigationVC.swift */; };
		F8B2BBC7263EF357002F741A /* StatusesViewController.swift in Sources */ = {isa = PBXBuildFile; fileRef = F8B2BBC6263EF357002F741A /* StatusesViewController.swift */; };
		F8B2BBCD263EFC99002F741A /* UIImage + Extensions.swift in Sources */ = {isa = PBXBuildFile; fileRef = F8B2BBCC263EFC99002F741A /* UIImage + Extensions.swift */; };
		F8B2BBD0263EFD11002F741A /* SuppliersCoordinator.swift in Sources */ = {isa = PBXBuildFile; fileRef = F8B2BBCF263EFD11002F741A /* SuppliersCoordinator.swift */; };
		F8B2BBD5263EFD40002F741A /* UserAccountCoordinator.swift in Sources */ = {isa = PBXBuildFile; fileRef = F8B2BBD4263EFD40002F741A /* UserAccountCoordinator.swift */; };
		F8B2BBD9263EFD57002F741A /* GoodsCoordinator.swift in Sources */ = {isa = PBXBuildFile; fileRef = F8B2BBD8263EFD57002F741A /* GoodsCoordinator.swift */; };
		F8B2BBDC263EFD69002F741A /* SuppliersViewController.swift in Sources */ = {isa = PBXBuildFile; fileRef = F8B2BBDB263EFD69002F741A /* SuppliersViewController.swift */; };
		F8B2BBDF263EFD91002F741A /* UserAccountViewController.swift in Sources */ = {isa = PBXBuildFile; fileRef = F8B2BBDE263EFD91002F741A /* UserAccountViewController.swift */; };
		F8B2BBE2263EFDAA002F741A /* GoodsViewController.swift in Sources */ = {isa = PBXBuildFile; fileRef = F8B2BBE1263EFDAA002F741A /* GoodsViewController.swift */; };
		F8B2BBE7263F01FD002F741A /* AuthorizationCoordinator.swift in Sources */ = {isa = PBXBuildFile; fileRef = F8B2BBE6263F01FD002F741A /* AuthorizationCoordinator.swift */; };
		F8B2BBEB263F0235002F741A /* AuthViewController.swift in Sources */ = {isa = PBXBuildFile; fileRef = F8B2BBEA263F0235002F741A /* AuthViewController.swift */; };
		F8B2BBEE263F024D002F741A /* AuthView.swift in Sources */ = {isa = PBXBuildFile; fileRef = F8B2BBED263F024D002F741A /* AuthView.swift */; };
		F8B2BBF4263F0B78002F741A /* ActionButton.swift in Sources */ = {isa = PBXBuildFile; fileRef = F8B2BBF3263F0B78002F741A /* ActionButton.swift */; };
		F8B2BBF7263F0DFA002F741A /* UnderlinedStateableTextField.swift in Sources */ = {isa = PBXBuildFile; fileRef = F8B2BBF6263F0DFA002F741A /* UnderlinedStateableTextField.swift */; };
		F8B2BBFA263F0F50002F741A /* UIColor + Extensions.swift in Sources */ = {isa = PBXBuildFile; fileRef = F8B2BBF9263F0F50002F741A /* UIColor + Extensions.swift */; };
		F8B4F2A3264065D700E41FF1 /* UserService.swift in Sources */ = {isa = PBXBuildFile; fileRef = F8B4F2A2264065D700E41FF1 /* UserService.swift */; };
		F8B4F2A72640663F00E41FF1 /* User.swift in Sources */ = {isa = PBXBuildFile; fileRef = F8B4F2A62640663F00E41FF1 /* User.swift */; };
		F8B4F2AB2640674500E41FF1 /* UserDefaultsWrapper.swift in Sources */ = {isa = PBXBuildFile; fileRef = F8B4F2AA2640674500E41FF1 /* UserDefaultsWrapper.swift */; };
		F8B4F2AF26406F6900E41FF1 /* BaseScrollableView.swift in Sources */ = {isa = PBXBuildFile; fileRef = F8B4F2AE26406F6900E41FF1 /* BaseScrollableView.swift */; };
		F8B4F2B226406FA000E41FF1 /* UserAccountView.swift in Sources */ = {isa = PBXBuildFile; fileRef = F8B4F2B126406FA000E41FF1 /* UserAccountView.swift */; };
		F8B4F2B52640717200E41FF1 /* UIFont + Extensions.swift in Sources */ = {isa = PBXBuildFile; fileRef = F8B4F2B42640717200E41FF1 /* UIFont + Extensions.swift */; };
		F8ED5C0F26373A9A00E3860D /* AppDelegate.swift in Sources */ = {isa = PBXBuildFile; fileRef = F8ED5C0E26373A9A00E3860D /* AppDelegate.swift */; };
		F8ED5C1826373A9C00E3860D /* Assets.xcassets in Resources */ = {isa = PBXBuildFile; fileRef = F8ED5C1726373A9C00E3860D /* Assets.xcassets */; };
		F8ED5C1B26373A9C00E3860D /* LaunchScreen.storyboard in Resources */ = {isa = PBXBuildFile; fileRef = F8ED5C1926373A9C00E3860D /* LaunchScreen.storyboard */; };
		F8ED5C2726373B4400E3860D /* .gitignore in Resources */ = {isa = PBXBuildFile; fileRef = F8ED5C2626373B4400E3860D /* .gitignore */; };
		F8ED5C2F26373EC200E3860D /* Coordinator.swift in Sources */ = {isa = PBXBuildFile; fileRef = F8ED5C2E26373EC200E3860D /* Coordinator.swift */; };
		F8ED5C3226373EDD00E3860D /* NavigationCoordinator.swift in Sources */ = {isa = PBXBuildFile; fileRef = F8ED5C3126373EDD00E3860D /* NavigationCoordinator.swift */; };
		F8ED5C3526373EEB00E3860D /* TabsCoordinator.swift in Sources */ = {isa = PBXBuildFile; fileRef = F8ED5C3426373EEB00E3860D /* TabsCoordinator.swift */; };
		F8ED5C3A26373F1400E3860D /* AppContext.swift in Sources */ = {isa = PBXBuildFile; fileRef = F8ED5C3926373F1400E3860D /* AppContext.swift */; };
/* End PBXBuildFile section */

/* Begin PBXFileReference section */
		0FB4B4A5B6752DF695BBB2DF /* Pods-PurchasingDepartment.debug.xcconfig */ = {isa = PBXFileReference; includeInIndex = 1; lastKnownFileType = text.xcconfig; name = "Pods-PurchasingDepartment.debug.xcconfig"; path = "Target Support Files/Pods-PurchasingDepartment/Pods-PurchasingDepartment.debug.xcconfig"; sourceTree = "<group>"; };
		D3821798329F421FE89E4E09 /* Pods-PurchasingDepartment.release.xcconfig */ = {isa = PBXFileReference; includeInIndex = 1; lastKnownFileType = text.xcconfig; name = "Pods-PurchasingDepartment.release.xcconfig"; path = "Target Support Files/Pods-PurchasingDepartment/Pods-PurchasingDepartment.release.xcconfig"; sourceTree = "<group>"; };
		F8B2BBA8263EE8AC002F741A /* Presentable.swift */ = {isa = PBXFileReference; lastKnownFileType = sourcecode.swift; path = Presentable.swift; sourceTree = "<group>"; };
		F8B2BBAB263EEBE5002F741A /* AppCoordinator.swift */ = {isa = PBXFileReference; lastKnownFileType = sourcecode.swift; path = AppCoordinator.swift; sourceTree = "<group>"; };
		F8B2BBB7263EF06D002F741A /* MainTabsViewController.swift */ = {isa = PBXFileReference; lastKnownFileType = sourcecode.swift; path = MainTabsViewController.swift; sourceTree = "<group>"; };
		F8B2BBBC263EF1AA002F741A /* UITabBarItem + Extensions.swift */ = {isa = PBXFileReference; lastKnownFileType = sourcecode.swift; path = "UITabBarItem + Extensions.swift"; sourceTree = "<group>"; };
		F8B2BBBF263EF258002F741A /* JobsRequestCoordinator.swift */ = {isa = PBXFileReference; lastKnownFileType = sourcecode.swift; path = JobsRequestCoordinator.swift; sourceTree = "<group>"; };
		F8B2BBC2263EF2AD002F741A /* BaseNavigationVC.swift */ = {isa = PBXFileReference; lastKnownFileType = sourcecode.swift; path = BaseNavigationVC.swift; sourceTree = "<group>"; };
		F8B2BBC6263EF357002F741A /* StatusesViewController.swift */ = {isa = PBXFileReference; lastKnownFileType = sourcecode.swift; path = StatusesViewController.swift; sourceTree = "<group>"; };
		F8B2BBCC263EFC99002F741A /* UIImage + Extensions.swift */ = {isa = PBXFileReference; lastKnownFileType = sourcecode.swift; path = "UIImage + Extensions.swift"; sourceTree = "<group>"; };
		F8B2BBCF263EFD11002F741A /* SuppliersCoordinator.swift */ = {isa = PBXFileReference; lastKnownFileType = sourcecode.swift; path = SuppliersCoordinator.swift; sourceTree = "<group>"; };
		F8B2BBD4263EFD40002F741A /* UserAccountCoordinator.swift */ = {isa = PBXFileReference; lastKnownFileType = sourcecode.swift; path = UserAccountCoordinator.swift; sourceTree = "<group>"; };
		F8B2BBD8263EFD57002F741A /* GoodsCoordinator.swift */ = {isa = PBXFileReference; lastKnownFileType = sourcecode.swift; path = GoodsCoordinator.swift; sourceTree = "<group>"; };
		F8B2BBDB263EFD69002F741A /* SuppliersViewController.swift */ = {isa = PBXFileReference; lastKnownFileType = sourcecode.swift; path = SuppliersViewController.swift; sourceTree = "<group>"; };
		F8B2BBDE263EFD91002F741A /* UserAccountViewController.swift */ = {isa = PBXFileReference; lastKnownFileType = sourcecode.swift; path = UserAccountViewController.swift; sourceTree = "<group>"; };
		F8B2BBE1263EFDAA002F741A /* GoodsViewController.swift */ = {isa = PBXFileReference; lastKnownFileType = sourcecode.swift; path = GoodsViewController.swift; sourceTree = "<group>"; };
		F8B2BBE6263F01FD002F741A /* AuthorizationCoordinator.swift */ = {isa = PBXFileReference; lastKnownFileType = sourcecode.swift; path = AuthorizationCoordinator.swift; sourceTree = "<group>"; };
		F8B2BBEA263F0235002F741A /* AuthViewController.swift */ = {isa = PBXFileReference; lastKnownFileType = sourcecode.swift; path = AuthViewController.swift; sourceTree = "<group>"; };
		F8B2BBED263F024D002F741A /* AuthView.swift */ = {isa = PBXFileReference; lastKnownFileType = sourcecode.swift; path = AuthView.swift; sourceTree = "<group>"; };
		F8B2BBF3263F0B78002F741A /* ActionButton.swift */ = {isa = PBXFileReference; lastKnownFileType = sourcecode.swift; path = ActionButton.swift; sourceTree = "<group>"; };
		F8B2BBF6263F0DFA002F741A /* UnderlinedStateableTextField.swift */ = {isa = PBXFileReference; lastKnownFileType = sourcecode.swift; path = UnderlinedStateableTextField.swift; sourceTree = "<group>"; };
		F8B2BBF9263F0F50002F741A /* UIColor + Extensions.swift */ = {isa = PBXFileReference; lastKnownFileType = sourcecode.swift; path = "UIColor + Extensions.swift"; sourceTree = "<group>"; };
		F8B4F2A2264065D700E41FF1 /* UserService.swift */ = {isa = PBXFileReference; lastKnownFileType = sourcecode.swift; path = UserService.swift; sourceTree = "<group>"; };
		F8B4F2A62640663F00E41FF1 /* User.swift */ = {isa = PBXFileReference; lastKnownFileType = sourcecode.swift; path = User.swift; sourceTree = "<group>"; };
		F8B4F2AA2640674500E41FF1 /* UserDefaultsWrapper.swift */ = {isa = PBXFileReference; lastKnownFileType = sourcecode.swift; path = UserDefaultsWrapper.swift; sourceTree = "<group>"; };
		F8B4F2AE26406F6900E41FF1 /* BaseScrollableView.swift */ = {isa = PBXFileReference; lastKnownFileType = sourcecode.swift; path = BaseScrollableView.swift; sourceTree = "<group>"; };
		F8B4F2B126406FA000E41FF1 /* UserAccountView.swift */ = {isa = PBXFileReference; lastKnownFileType = sourcecode.swift; path = UserAccountView.swift; sourceTree = "<group>"; };
		F8B4F2B42640717200E41FF1 /* UIFont + Extensions.swift */ = {isa = PBXFileReference; lastKnownFileType = sourcecode.swift; path = "UIFont + Extensions.swift"; sourceTree = "<group>"; };
		F8ED5C0B26373A9A00E3860D /* PurchasingDepartment.app */ = {isa = PBXFileReference; explicitFileType = wrapper.application; includeInIndex = 0; path = PurchasingDepartment.app; sourceTree = BUILT_PRODUCTS_DIR; };
		F8ED5C0E26373A9A00E3860D /* AppDelegate.swift */ = {isa = PBXFileReference; lastKnownFileType = sourcecode.swift; path = AppDelegate.swift; sourceTree = "<group>"; };
		F8ED5C1726373A9C00E3860D /* Assets.xcassets */ = {isa = PBXFileReference; lastKnownFileType = folder.assetcatalog; path = Assets.xcassets; sourceTree = "<group>"; };
		F8ED5C1A26373A9C00E3860D /* Base */ = {isa = PBXFileReference; lastKnownFileType = file.storyboard; name = Base; path = Base.lproj/LaunchScreen.storyboard; sourceTree = "<group>"; };
		F8ED5C1C26373A9C00E3860D /* Info.plist */ = {isa = PBXFileReference; lastKnownFileType = text.plist.xml; path = Info.plist; sourceTree = "<group>"; };
		F8ED5C2626373B4400E3860D /* .gitignore */ = {isa = PBXFileReference; lastKnownFileType = text; path = .gitignore; sourceTree = "<group>"; };
		F8ED5C2E26373EC200E3860D /* Coordinator.swift */ = {isa = PBXFileReference; lastKnownFileType = sourcecode.swift; path = Coordinator.swift; sourceTree = "<group>"; };
		F8ED5C3126373EDD00E3860D /* NavigationCoordinator.swift */ = {isa = PBXFileReference; lastKnownFileType = sourcecode.swift; path = NavigationCoordinator.swift; sourceTree = "<group>"; };
		F8ED5C3426373EEB00E3860D /* TabsCoordinator.swift */ = {isa = PBXFileReference; lastKnownFileType = sourcecode.swift; path = TabsCoordinator.swift; sourceTree = "<group>"; };
		F8ED5C3926373F1400E3860D /* AppContext.swift */ = {isa = PBXFileReference; lastKnownFileType = sourcecode.swift; path = AppContext.swift; sourceTree = "<group>"; };
		FEC60FB45A2EE9552F02589A /* Pods_PurchasingDepartment.framework */ = {isa = PBXFileReference; explicitFileType = wrapper.framework; includeInIndex = 0; path = Pods_PurchasingDepartment.framework; sourceTree = BUILT_PRODUCTS_DIR; };
/* End PBXFileReference section */

/* Begin PBXFrameworksBuildPhase section */
		F8ED5C0826373A9A00E3860D /* Frameworks */ = {
			isa = PBXFrameworksBuildPhase;
			buildActionMask = 2147483647;
			files = (
				D8CDEA0054A41E1B5780F339 /* Pods_PurchasingDepartment.framework in Frameworks */,
			);
			runOnlyForDeploymentPostprocessing = 0;
		};
/* End PBXFrameworksBuildPhase section */

/* Begin PBXGroup section */
		E8A3D2AD0089785D4829914A /* Frameworks */ = {
			isa = PBXGroup;
			children = (
				FEC60FB45A2EE9552F02589A /* Pods_PurchasingDepartment.framework */,
			);
			name = Frameworks;
			sourceTree = "<group>";
		};
		E8C5D0F43395B01F8600769F /* Pods */ = {
			isa = PBXGroup;
			children = (
				0FB4B4A5B6752DF695BBB2DF /* Pods-PurchasingDepartment.debug.xcconfig */,
				D3821798329F421FE89E4E09 /* Pods-PurchasingDepartment.release.xcconfig */,
			);
			path = Pods;
			sourceTree = "<group>";
		};
		F8B2BBAE263EEBEC002F741A /* JobRequestsModule */ = {
			isa = PBXGroup;
			children = (
				F8B2BBC5263EF344002F741A /* StatusesMain */,
				F8B2BBBF263EF258002F741A /* JobsRequestCoordinator.swift */,
			);
			path = JobRequestsModule;
			sourceTree = "<group>";
		};
		F8B2BBAF263EEC22002F741A /* SuppliersModule */ = {
			isa = PBXGroup;
			children = (
				F8B2BBD3263EFD29002F741A /* SuppliersMain */,
				F8B2BBCF263EFD11002F741A /* SuppliersCoordinator.swift */,
			);
			path = SuppliersModule;
			sourceTree = "<group>";
		};
		F8B2BBB0263EEC37002F741A /* UserAccountModule */ = {
			isa = PBXGroup;
			children = (
				F8B2BBD4263EFD40002F741A /* UserAccountCoordinator.swift */,
				F8B2BBDE263EFD91002F741A /* UserAccountViewController.swift */,
				F8B4F2B126406FA000E41FF1 /* UserAccountView.swift */,
			);
			path = UserAccountModule;
			sourceTree = "<group>";
		};
		F8B2BBB1263EEC49002F741A /* GoodsModule */ = {
			isa = PBXGroup;
			children = (
				F8B2BBD8263EFD57002F741A /* GoodsCoordinator.swift */,
				F8B2BBE1263EFDAA002F741A /* GoodsViewController.swift */,
			);
			path = GoodsModule;
			sourceTree = "<group>";
		};
		F8B2BBBA263EF123002F741A /* AuthorizationModule */ = {
			isa = PBXGroup;
			children = (
				F8B2BBE9263F021D002F741A /* AuthMain */,
				F8B2BBE6263F01FD002F741A /* AuthorizationCoordinator.swift */,
			);
			path = AuthorizationModule;
			sourceTree = "<group>";
		};
		F8B2BBBB263EF17F002F741A /* Extensions */ = {
			isa = PBXGroup;
			children = (
				F8B2BBBC263EF1AA002F741A /* UITabBarItem + Extensions.swift */,
				F8B2BBCC263EFC99002F741A /* UIImage + Extensions.swift */,
				F8B2BBF9263F0F50002F741A /* UIColor + Extensions.swift */,
				F8B4F2B42640717200E41FF1 /* UIFont + Extensions.swift */,
			);
			path = Extensions;
			sourceTree = "<group>";
		};
		F8B2BBC5263EF344002F741A /* StatusesMain */ = {
			isa = PBXGroup;
			children = (
				F8B2BBC6263EF357002F741A /* StatusesViewController.swift */,
			);
			path = StatusesMain;
			sourceTree = "<group>";
		};
		F8B2BBD3263EFD29002F741A /* SuppliersMain */ = {
			isa = PBXGroup;
			children = (
				F8B2BBDB263EFD69002F741A /* SuppliersViewController.swift */,
			);
			path = SuppliersMain;
			sourceTree = "<group>";
		};
		F8B2BBE9263F021D002F741A /* AuthMain */ = {
			isa = PBXGroup;
			children = (
				F8B2BBEA263F0235002F741A /* AuthViewController.swift */,
				F8B2BBED263F024D002F741A /* AuthView.swift */,
			);
			path = AuthMain;
			sourceTree = "<group>";
		};
		F8B4F2A52640662700E41FF1 /* Model */ = {
			isa = PBXGroup;
			children = (
				F8B4F2A62640663F00E41FF1 /* User.swift */,
			);
			path = Model;
			sourceTree = "<group>";
		};
		F8B4F2A92640673200E41FF1 /* Helpers */ = {
			isa = PBXGroup;
			children = (
				F8B4F2AA2640674500E41FF1 /* UserDefaultsWrapper.swift */,
			);
			path = Helpers;
			sourceTree = "<group>";
		};
		F8ED5C0226373A9A00E3860D = {
			isa = PBXGroup;
			children = (
				F8ED5C2626373B4400E3860D /* .gitignore */,
				F8ED5C0D26373A9A00E3860D /* PurchasingDepartment */,
				F8ED5C0C26373A9A00E3860D /* Products */,
				E8C5D0F43395B01F8600769F /* Pods */,
				E8A3D2AD0089785D4829914A /* Frameworks */,
			);
			sourceTree = "<group>";
		};
		F8ED5C0C26373A9A00E3860D /* Products */ = {
			isa = PBXGroup;
			children = (
				F8ED5C0B26373A9A00E3860D /* PurchasingDepartment.app */,
			);
			name = Products;
			sourceTree = "<group>";
		};
		F8ED5C0D26373A9A00E3860D /* PurchasingDepartment */ = {
			isa = PBXGroup;
			children = (
				F8ED5C2A26373BA300E3860D /* PresentationLayer */,
				F8ED5C2C26373BCD00E3860D /* Service */,
				F8B4F2A52640662700E41FF1 /* Model */,
				F8B4F2A92640673200E41FF1 /* Helpers */,
				F8ED5C2B26373BBD00E3860D /* Resources */,
			);
			path = PurchasingDepartment;
			sourceTree = "<group>";
		};
		F8ED5C2A26373BA300E3860D /* PresentationLayer */ = {
			isa = PBXGroup;
			children = (
				F8B2BBBA263EF123002F741A /* AuthorizationModule */,
				F8B2BBB1263EEC49002F741A /* GoodsModule */,
				F8B2BBB0263EEC37002F741A /* UserAccountModule */,
				F8B2BBAF263EEC22002F741A /* SuppliersModule */,
				F8B2BBAE263EEBEC002F741A /* JobRequestsModule */,
				F8ED5C2D26373D4C00E3860D /* Base */,
				F8ED5C0E26373A9A00E3860D /* AppDelegate.swift */,
				F8B2BBBB263EF17F002F741A /* Extensions */,
			);
			path = PresentationLayer;
			sourceTree = "<group>";
		};
		F8ED5C2B26373BBD00E3860D /* Resources */ = {
			isa = PBXGroup;
			children = (
				F8ED5C1726373A9C00E3860D /* Assets.xcassets */,
				F8ED5C1926373A9C00E3860D /* LaunchScreen.storyboard */,
				F8ED5C1C26373A9C00E3860D /* Info.plist */,
			);
			path = Resources;
			sourceTree = "<group>";
		};
		F8ED5C2C26373BCD00E3860D /* Service */ = {
			isa = PBXGroup;
			children = (
				F8ED5C3926373F1400E3860D /* AppContext.swift */,
				F8B4F2A2264065D700E41FF1 /* UserService.swift */,
			);
			path = Service;
			sourceTree = "<group>";
		};
		F8ED5C2D26373D4C00E3860D /* Base */ = {
			isa = PBXGroup;
			children = (
				F8ED5C3C26373F1C00E3860D /* PresentationLayer */,
				F8ED5C3726373EF600E3860D /* Coordinator */,
				F8B2BBA8263EE8AC002F741A /* Presentable.swift */,
				F8B2BBAB263EEBE5002F741A /* AppCoordinator.swift */,
				F8B2BBB7263EF06D002F741A /* MainTabsViewController.swift */,
				F8B2BBC2263EF2AD002F741A /* BaseNavigationVC.swift */,
			);
			path = Base;
			sourceTree = "<group>";
		};
		F8ED5C3726373EF600E3860D /* Coordinator */ = {
			isa = PBXGroup;
			children = (
				F8ED5C2E26373EC200E3860D /* Coordinator.swift */,
				F8ED5C3126373EDD00E3860D /* NavigationCoordinator.swift */,
				F8ED5C3426373EEB00E3860D /* TabsCoordinator.swift */,
			);
			path = Coordinator;
			sourceTree = "<group>";
		};
		F8ED5C3C26373F1C00E3860D /* PresentationLayer */ = {
			isa = PBXGroup;
			children = (
				F8B2BBF3263F0B78002F741A /* ActionButton.swift */,
				F8B2BBF6263F0DFA002F741A /* UnderlinedStateableTextField.swift */,
				F8B4F2AE26406F6900E41FF1 /* BaseScrollableView.swift */,
			);
			path = PresentationLayer;
			sourceTree = "<group>";
		};
/* End PBXGroup section */

/* Begin PBXNativeTarget section */
		F8ED5C0A26373A9A00E3860D /* PurchasingDepartment */ = {
			isa = PBXNativeTarget;
			buildConfigurationList = F8ED5C1F26373A9C00E3860D /* Build configuration list for PBXNativeTarget "PurchasingDepartment" */;
			buildPhases = (
				4EFEF508AADCF1983575A687 /* [CP] Check Pods Manifest.lock */,
				F8ED5C0726373A9A00E3860D /* Sources */,
				F8ED5C0826373A9A00E3860D /* Frameworks */,
				F8ED5C0926373A9A00E3860D /* Resources */,
				FDB2A7AB21537242F856B403 /* [CP] Embed Pods Frameworks */,
			);
			buildRules = (
			);
			dependencies = (
			);
			name = PurchasingDepartment;
			productName = PurchasingDepartment;
			productReference = F8ED5C0B26373A9A00E3860D /* PurchasingDepartment.app */;
			productType = "com.apple.product-type.application";
		};
/* End PBXNativeTarget section */

/* Begin PBXProject section */
		F8ED5C0326373A9A00E3860D /* Project object */ = {
			isa = PBXProject;
			attributes = {
				LastSwiftUpdateCheck = 1240;
				LastUpgradeCheck = 1240;
				TargetAttributes = {
					F8ED5C0A26373A9A00E3860D = {
						CreatedOnToolsVersion = 12.4;
					};
				};
			};
			buildConfigurationList = F8ED5C0626373A9A00E3860D /* Build configuration list for PBXProject "PurchasingDepartment" */;
			compatibilityVersion = "Xcode 9.3";
			developmentRegion = en;
			hasScannedForEncodings = 0;
			knownRegions = (
				en,
				Base,
			);
			mainGroup = F8ED5C0226373A9A00E3860D;
			productRefGroup = F8ED5C0C26373A9A00E3860D /* Products */;
			projectDirPath = "";
			projectRoot = "";
			targets = (
				F8ED5C0A26373A9A00E3860D /* PurchasingDepartment */,
			);
		};
/* End PBXProject section */

/* Begin PBXResourcesBuildPhase section */
		F8ED5C0926373A9A00E3860D /* Resources */ = {
			isa = PBXResourcesBuildPhase;
			buildActionMask = 2147483647;
			files = (
				F8ED5C2726373B4400E3860D /* .gitignore in Resources */,
				F8ED5C1B26373A9C00E3860D /* LaunchScreen.storyboard in Resources */,
				F8ED5C1826373A9C00E3860D /* Assets.xcassets in Resources */,
			);
			runOnlyForDeploymentPostprocessing = 0;
		};
/* End PBXResourcesBuildPhase section */

/* Begin PBXShellScriptBuildPhase section */
		4EFEF508AADCF1983575A687 /* [CP] Check Pods Manifest.lock */ = {
			isa = PBXShellScriptBuildPhase;
			buildActionMask = 2147483647;
			files = (
			);
			inputFileListPaths = (
			);
			inputPaths = (
				"${PODS_PODFILE_DIR_PATH}/Podfile.lock",
				"${PODS_ROOT}/Manifest.lock",
			);
			name = "[CP] Check Pods Manifest.lock";
			outputFileListPaths = (
			);
			outputPaths = (
				"$(DERIVED_FILE_DIR)/Pods-PurchasingDepartment-checkManifestLockResult.txt",
			);
			runOnlyForDeploymentPostprocessing = 0;
			shellPath = /bin/sh;
			shellScript = "diff \"${PODS_PODFILE_DIR_PATH}/Podfile.lock\" \"${PODS_ROOT}/Manifest.lock\" > /dev/null\nif [ $? != 0 ] ; then\n    # print error to STDERR\n    echo \"error: The sandbox is not in sync with the Podfile.lock. Run 'pod install' or update your CocoaPods installation.\" >&2\n    exit 1\nfi\n# This output is used by Xcode 'outputs' to avoid re-running this script phase.\necho \"SUCCESS\" > \"${SCRIPT_OUTPUT_FILE_0}\"\n";
			showEnvVarsInLog = 0;
		};
		FDB2A7AB21537242F856B403 /* [CP] Embed Pods Frameworks */ = {
			isa = PBXShellScriptBuildPhase;
			buildActionMask = 2147483647;
			files = (
			);
			inputFileListPaths = (
				"${PODS_ROOT}/Target Support Files/Pods-PurchasingDepartment/Pods-PurchasingDepartment-frameworks-${CONFIGURATION}-input-files.xcfilelist",
			);
			name = "[CP] Embed Pods Frameworks";
			outputFileListPaths = (
				"${PODS_ROOT}/Target Support Files/Pods-PurchasingDepartment/Pods-PurchasingDepartment-frameworks-${CONFIGURATION}-output-files.xcfilelist",
			);
			runOnlyForDeploymentPostprocessing = 0;
			shellPath = /bin/sh;
			shellScript = "\"${PODS_ROOT}/Target Support Files/Pods-PurchasingDepartment/Pods-PurchasingDepartment-frameworks.sh\"\n";
			showEnvVarsInLog = 0;
		};
/* End PBXShellScriptBuildPhase section */

/* Begin PBXSourcesBuildPhase section */
		F8ED5C0726373A9A00E3860D /* Sources */ = {
			isa = PBXSourcesBuildPhase;
			buildActionMask = 2147483647;
			files = (
				F8B4F2AB2640674500E41FF1 /* UserDefaultsWrapper.swift in Sources */,
				F8B2BBC7263EF357002F741A /* StatusesViewController.swift in Sources */,
				F8B4F2B52640717200E41FF1 /* UIFont + Extensions.swift in Sources */,
				F8B2BBD9263EFD57002F741A /* GoodsCoordinator.swift in Sources */,
				F8B4F2B226406FA000E41FF1 /* UserAccountView.swift in Sources */,
				F8ED5C3526373EEB00E3860D /* TabsCoordinator.swift in Sources */,
				F8B2BBC3263EF2AD002F741A /* BaseNavigationVC.swift in Sources */,
				F8B2BBF4263F0B78002F741A /* ActionButton.swift in Sources */,
				F8B4F2A72640663F00E41FF1 /* User.swift in Sources */,
				F8ED5C3A26373F1400E3860D /* AppContext.swift in Sources */,
				F8B4F2A3264065D700E41FF1 /* UserService.swift in Sources */,
				F8ED5C0F26373A9A00E3860D /* AppDelegate.swift in Sources */,
				F8B2BBF7263F0DFA002F741A /* UnderlinedStateableTextField.swift in Sources */,
				F8B2BBE7263F01FD002F741A /* AuthorizationCoordinator.swift in Sources */,
				F8B2BBDC263EFD69002F741A /* SuppliersViewController.swift in Sources */,
				F8B4F2AF26406F6900E41FF1 /* BaseScrollableView.swift in Sources */,
				F8B2BBBD263EF1AA002F741A /* UITabBarItem + Extensions.swift in Sources */,
				F8B2BBCD263EFC99002F741A /* UIImage + Extensions.swift in Sources */,
				F8B2BBEB263F0235002F741A /* AuthViewController.swift in Sources */,
				F8B2BBAC263EEBE5002F741A /* AppCoordinator.swift in Sources */,
				F8B2BBD0263EFD11002F741A /* SuppliersCoordinator.swift in Sources */,
				F8ED5C3226373EDD00E3860D /* NavigationCoordinator.swift in Sources */,
				F8B2BBB8263EF06D002F741A /* MainTabsViewController.swift in Sources */,
				F8B2BBC0263EF258002F741A /* JobsRequestCoordinator.swift in Sources */,
				F8ED5C2F26373EC200E3860D /* Coordinator.swift in Sources */,
				F8B2BBE2263EFDAA002F741A /* GoodsViewController.swift in Sources */,
				F8B2BBD5263EFD40002F741A /* UserAccountCoordinator.swift in Sources */,
				F8B2BBFA263F0F50002F741A /* UIColor + Extensions.swift in Sources */,
				F8B2BBA9263EE8AC002F741A /* Presentable.swift in Sources */,
				F8B2BBEE263F024D002F741A /* AuthView.swift in Sources */,
				F8B2BBDF263EFD91002F741A /* UserAccountViewController.swift in Sources */,
			);
			runOnlyForDeploymentPostprocessing = 0;
		};
/* End PBXSourcesBuildPhase section */

/* Begin PBXVariantGroup section */
		F8ED5C1926373A9C00E3860D /* LaunchScreen.storyboard */ = {
			isa = PBXVariantGroup;
			children = (
				F8ED5C1A26373A9C00E3860D /* Base */,
			);
			name = LaunchScreen.storyboard;
			sourceTree = "<group>";
		};
/* End PBXVariantGroup section */

/* Begin XCBuildConfiguration section */
		F8ED5C1D26373A9C00E3860D /* Debug */ = {
			isa = XCBuildConfiguration;
			buildSettings = {
				ALWAYS_SEARCH_USER_PATHS = NO;
				CLANG_ANALYZER_NONNULL = YES;
				CLANG_ANALYZER_NUMBER_OBJECT_CONVERSION = YES_AGGRESSIVE;
				CLANG_CXX_LANGUAGE_STANDARD = "gnu++14";
				CLANG_CXX_LIBRARY = "libc++";
				CLANG_ENABLE_MODULES = YES;
				CLANG_ENABLE_OBJC_ARC = YES;
				CLANG_ENABLE_OBJC_WEAK = YES;
				CLANG_WARN_BLOCK_CAPTURE_AUTORELEASING = YES;
				CLANG_WARN_BOOL_CONVERSION = YES;
				CLANG_WARN_COMMA = YES;
				CLANG_WARN_CONSTANT_CONVERSION = YES;
				CLANG_WARN_DEPRECATED_OBJC_IMPLEMENTATIONS = YES;
				CLANG_WARN_DIRECT_OBJC_ISA_USAGE = YES_ERROR;
				CLANG_WARN_DOCUMENTATION_COMMENTS = YES;
				CLANG_WARN_EMPTY_BODY = YES;
				CLANG_WARN_ENUM_CONVERSION = YES;
				CLANG_WARN_INFINITE_RECURSION = YES;
				CLANG_WARN_INT_CONVERSION = YES;
				CLANG_WARN_NON_LITERAL_NULL_CONVERSION = YES;
				CLANG_WARN_OBJC_IMPLICIT_RETAIN_SELF = YES;
				CLANG_WARN_OBJC_LITERAL_CONVERSION = YES;
				CLANG_WARN_OBJC_ROOT_CLASS = YES_ERROR;
				CLANG_WARN_QUOTED_INCLUDE_IN_FRAMEWORK_HEADER = YES;
				CLANG_WARN_RANGE_LOOP_ANALYSIS = YES;
				CLANG_WARN_STRICT_PROTOTYPES = YES;
				CLANG_WARN_SUSPICIOUS_MOVE = YES;
				CLANG_WARN_UNGUARDED_AVAILABILITY = YES_AGGRESSIVE;
				CLANG_WARN_UNREACHABLE_CODE = YES;
				CLANG_WARN__DUPLICATE_METHOD_MATCH = YES;
				COPY_PHASE_STRIP = NO;
				DEBUG_INFORMATION_FORMAT = dwarf;
				ENABLE_STRICT_OBJC_MSGSEND = YES;
				ENABLE_TESTABILITY = YES;
				GCC_C_LANGUAGE_STANDARD = gnu11;
				GCC_DYNAMIC_NO_PIC = NO;
				GCC_NO_COMMON_BLOCKS = YES;
				GCC_OPTIMIZATION_LEVEL = 0;
				GCC_PREPROCESSOR_DEFINITIONS = (
					"DEBUG=1",
					"$(inherited)",
				);
				GCC_WARN_64_TO_32_BIT_CONVERSION = YES;
				GCC_WARN_ABOUT_RETURN_TYPE = YES_ERROR;
				GCC_WARN_UNDECLARED_SELECTOR = YES;
				GCC_WARN_UNINITIALIZED_AUTOS = YES_AGGRESSIVE;
				GCC_WARN_UNUSED_FUNCTION = YES;
				GCC_WARN_UNUSED_VARIABLE = YES;
				IPHONEOS_DEPLOYMENT_TARGET = 14.4;
				MTL_ENABLE_DEBUG_INFO = INCLUDE_SOURCE;
				MTL_FAST_MATH = YES;
				ONLY_ACTIVE_ARCH = YES;
				SDKROOT = iphoneos;
				SWIFT_ACTIVE_COMPILATION_CONDITIONS = DEBUG;
				SWIFT_OPTIMIZATION_LEVEL = "-Onone";
			};
			name = Debug;
		};
		F8ED5C1E26373A9C00E3860D /* Release */ = {
			isa = XCBuildConfiguration;
			buildSettings = {
				ALWAYS_SEARCH_USER_PATHS = NO;
				CLANG_ANALYZER_NONNULL = YES;
				CLANG_ANALYZER_NUMBER_OBJECT_CONVERSION = YES_AGGRESSIVE;
				CLANG_CXX_LANGUAGE_STANDARD = "gnu++14";
				CLANG_CXX_LIBRARY = "libc++";
				CLANG_ENABLE_MODULES = YES;
				CLANG_ENABLE_OBJC_ARC = YES;
				CLANG_ENABLE_OBJC_WEAK = YES;
				CLANG_WARN_BLOCK_CAPTURE_AUTORELEASING = YES;
				CLANG_WARN_BOOL_CONVERSION = YES;
				CLANG_WARN_COMMA = YES;
				CLANG_WARN_CONSTANT_CONVERSION = YES;
				CLANG_WARN_DEPRECATED_OBJC_IMPLEMENTATIONS = YES;
				CLANG_WARN_DIRECT_OBJC_ISA_USAGE = YES_ERROR;
				CLANG_WARN_DOCUMENTATION_COMMENTS = YES;
				CLANG_WARN_EMPTY_BODY = YES;
				CLANG_WARN_ENUM_CONVERSION = YES;
				CLANG_WARN_INFINITE_RECURSION = YES;
				CLANG_WARN_INT_CONVERSION = YES;
				CLANG_WARN_NON_LITERAL_NULL_CONVERSION = YES;
				CLANG_WARN_OBJC_IMPLICIT_RETAIN_SELF = YES;
				CLANG_WARN_OBJC_LITERAL_CONVERSION = YES;
				CLANG_WARN_OBJC_ROOT_CLASS = YES_ERROR;
				CLANG_WARN_QUOTED_INCLUDE_IN_FRAMEWORK_HEADER = YES;
				CLANG_WARN_RANGE_LOOP_ANALYSIS = YES;
				CLANG_WARN_STRICT_PROTOTYPES = YES;
				CLANG_WARN_SUSPICIOUS_MOVE = YES;
				CLANG_WARN_UNGUARDED_AVAILABILITY = YES_AGGRESSIVE;
				CLANG_WARN_UNREACHABLE_CODE = YES;
				CLANG_WARN__DUPLICATE_METHOD_MATCH = YES;
				COPY_PHASE_STRIP = NO;
				DEBUG_INFORMATION_FORMAT = "dwarf-with-dsym";
				ENABLE_NS_ASSERTIONS = NO;
				ENABLE_STRICT_OBJC_MSGSEND = YES;
				GCC_C_LANGUAGE_STANDARD = gnu11;
				GCC_NO_COMMON_BLOCKS = YES;
				GCC_WARN_64_TO_32_BIT_CONVERSION = YES;
				GCC_WARN_ABOUT_RETURN_TYPE = YES_ERROR;
				GCC_WARN_UNDECLARED_SELECTOR = YES;
				GCC_WARN_UNINITIALIZED_AUTOS = YES_AGGRESSIVE;
				GCC_WARN_UNUSED_FUNCTION = YES;
				GCC_WARN_UNUSED_VARIABLE = YES;
				IPHONEOS_DEPLOYMENT_TARGET = 14.4;
				MTL_ENABLE_DEBUG_INFO = NO;
				MTL_FAST_MATH = YES;
				SDKROOT = iphoneos;
				SWIFT_COMPILATION_MODE = wholemodule;
				SWIFT_OPTIMIZATION_LEVEL = "-O";
				VALIDATE_PRODUCT = YES;
			};
			name = Release;
		};
		F8ED5C2026373A9C00E3860D /* Debug */ = {
			isa = XCBuildConfiguration;
			baseConfigurationReference = 0FB4B4A5B6752DF695BBB2DF /* Pods-PurchasingDepartment.debug.xcconfig */;
			buildSettings = {
				ASSETCATALOG_COMPILER_APPICON_NAME = AppIcon;
				ASSETCATALOG_COMPILER_GLOBAL_ACCENT_COLOR_NAME = AccentColor;
				CODE_SIGN_STYLE = Automatic;
				DEVELOPMENT_TEAM = 3TG9F8VMYJ;
				INFOPLIST_FILE = "$(SRCROOT)/PurchasingDepartment/Resources/Info.plist";
				LD_RUNPATH_SEARCH_PATHS = (
					"$(inherited)",
					"@executable_path/Frameworks",
				);
				PRODUCT_BUNDLE_IDENTIFIER = artyombatura.PurchasingDepartment;
				PRODUCT_NAME = "$(TARGET_NAME)";
				SWIFT_VERSION = 5.0;
				TARGETED_DEVICE_FAMILY = "1,2";
			};
			name = Debug;
		};
		F8ED5C2126373A9C00E3860D /* Release */ = {
			isa = XCBuildConfiguration;
			baseConfigurationReference = D3821798329F421FE89E4E09 /* Pods-PurchasingDepartment.release.xcconfig */;
			buildSettings = {
				ASSETCATALOG_COMPILER_APPICON_NAME = AppIcon;
				ASSETCATALOG_COMPILER_GLOBAL_ACCENT_COLOR_NAME = AccentColor;
				CODE_SIGN_STYLE = Automatic;
				DEVELOPMENT_TEAM = 3TG9F8VMYJ;
				INFOPLIST_FILE = "$(SRCROOT)/PurchasingDepartment/Resources/Info.plist";
				LD_RUNPATH_SEARCH_PATHS = (
					"$(inherited)",
					"@executable_path/Frameworks",
				);
				PRODUCT_BUNDLE_IDENTIFIER = artyombatura.PurchasingDepartment;
				PRODUCT_NAME = "$(TARGET_NAME)";
				SWIFT_VERSION = 5.0;
				TARGETED_DEVICE_FAMILY = "1,2";
			};
			name = Release;
		};
/* End XCBuildConfiguration section */

/* Begin XCConfigurationList section */
		F8ED5C0626373A9A00E3860D /* Build configuration list for PBXProject "PurchasingDepartment" */ = {
			isa = XCConfigurationList;
			buildConfigurations = (
				F8ED5C1D26373A9C00E3860D /* Debug */,
				F8ED5C1E26373A9C00E3860D /* Release */,
			);
			defaultConfigurationIsVisible = 0;
			defaultConfigurationName = Release;
		};
		F8ED5C1F26373A9C00E3860D /* Build configuration list for PBXNativeTarget "PurchasingDepartment" */ = {
			isa = XCConfigurationList;
			buildConfigurations = (
				F8ED5C2026373A9C00E3860D /* Debug */,
				F8ED5C2126373A9C00E3860D /* Release */,
			);
			defaultConfigurationIsVisible = 0;
			defaultConfigurationName = Release;
		};
/* End XCConfigurationList section */
	};
	rootObject = F8ED5C0326373A9A00E3860D /* Project object */;
}
